
Microsoft Visual Studio Solution File, Format Version 12.00
# Visual Studio Version 17
VisualStudioVersion = 17.12.35323.107
MinimumVisualStudioVersion = 10.0.40219.1
Project("{FAE04EC0-301F-11D3-BF4B-00C04F79EFBC}") = "OrdersExecutionApi", "OrdersExecutionApi\OrdersExecutionApi.csproj", "{A37EE4FA-7717-4740-9BF5-C9401FE16F01}"
EndProject
Project("{FAE04EC0-301F-11D3-BF4B-00C04F79EFBC}") = "OrdersExecutionApi.Tests", "OrdersExecutionApi.Tests\OrdersExecutionApi.Tests.csproj", "{5975321B-1E9B-4AC7-B377-035332955405}"
EndProject
Global
	GlobalSection(SolutionConfigurationPlatforms) = preSolution
		Debug|Any CPU = Debug|Any CPU
		Release|Any CPU = Release|Any CPU
	EndGlobalSection
	GlobalSection(ProjectConfigurationPlatforms) = postSolution
		{A37EE4FA-7717-4740-9BF5-C9401FE16F01}.Debug|Any CPU.ActiveCfg = Debug|Any CPU
		{A37EE4FA-7717-4740-9BF5-C9401FE16F01}.Debug|Any CPU.Build.0 = Debug|Any CPU
		{A37EE4FA-7717-4740-9BF5-C9401FE16F01}.Release|Any CPU.ActiveCfg = Release|Any CPU
		{A37EE4FA-7717-4740-9BF5-C9401FE16F01}.Release|Any CPU.Build.0 = Release|Any CPU
		{5975321B-1E9B-4AC7-B377-035332955405}.Debug|Any CPU.ActiveCfg = Debug|Any CPU
		{5975321B-1E9B-4AC7-B377-035332955405}.Debug|Any CPU.Build.0 = Debug|Any CPU
		{5975321B-1E9B-4AC7-B377-035332955405}.Release|Any CPU.ActiveCfg = Release|Any CPU
		{5975321B-1E9B-4AC7-B377-035332955405}.Release|Any CPU.Build.0 = Release|Any CPU
	EndGlobalSection
	GlobalSection(SolutionProperties) = preSolution
		HideSolutionNode = FALSE
	EndGlobalSection
	GlobalSection(ExtensibilityGlobals) = postSolution
		SolutionGuid = {853A7B71-4F33-47A9-8432-4077ED8051BF}
	EndGlobalSection
EndGlobal
